// !$*UTF8*$!
{
	archiveVersion = 1;
	classes = {
	};
	objectVersion = 77;
	objects = {

/* Begin PBXBuildFile section */
		D5E6F7A8B9C0D1E2F3A4B5C6 /* InflamendApp.swift in Sources */ = {isa = PBXBuildFile; fileRef = E3F4A5B6C7D8E9F0A1B2C3D4 /* InflamendApp.swift */; };
		E5F6A7B8C9D0E1F2A3B4C5D6 /* ContentView.swift in Sources */ = {isa = PBXBuildFile; fileRef = F3A4B5C6D7E8F9A0B1C2D3E4 /* ContentView.swift */; };
		F5A6B7C8D9E0F1A2B3C4D5E6 /* DesignSystem.swift in Sources */ = {isa = PBXBuildFile; fileRef = A4B5C6D7E8F9A0B1C2D3E4F5 /* DesignSystem.swift */; };
		F6A7B8C9D0E1F2A3B4C5D6E7 /* Models.swift in Sources */ = {isa = PBXBuildFile; fileRef = A5B6C7D8E9F0A1B2C3D4E5F6 /* Models.swift */; };
		A6B7C8D9E0F1A2B3C4D5E6F7 /* HomeView.swift in Sources */ = {isa = PBXBuildFile; fileRef = B4C5D6E7F8A9B0C1D2E3F4A5 /* HomeView.swift */; };
		B6C7D8E9F0A1B2C3D4E5F6A7 /* LogView.swift in Sources */ = {isa = PBXBuildFile; fileRef = C4D5E6F7A8B9C0D1E2F3A4B5 /* LogView.swift */; };
		C6D7E8F9A0B1C2D3E4F5A6B7 /* InsightsView.swift in Sources */ = {isa = PBXBuildFile; fileRef = D4E5F6A7B8C9D0E1F2A3B4C5 /* InsightsView.swift */; };
		D6E7F8A9B0C1D2E3F4A5B6C7 /* ChatView.swift in Sources */ = {isa = PBXBuildFile; fileRef = E4F5A6B7C8D9E0F1A2B3C4D5 /* ChatView.swift */; };
		E6F7A8B9C0D1E2F3A4B5C6D7 /* ProfileView.swift in Sources */ = {isa = PBXBuildFile; fileRef = F4A5B6C7D8E9F0A1B2C3D4E5 /* ProfileView.swift */; };
		D0D1D2D3D4D5D6D7D8D9D001 /* HealthLogic.swift in Sources */ = {isa = PBXBuildFile; fileRef = D0D1D2D3D4D5D6D7D8D9D011 /* HealthLogic.swift */; };
		D0D1D2D3D4D5D6D7D8D9D002 /* HealthLogicTests.swift in Sources */ = {isa = PBXBuildFile; fileRef = D0D1D2D3D4D5D6D7D8D9D012 /* HealthLogicTests.swift */; };
		E0E1E2E3E4E5E6E7E8E9E001 /* InflamendUITests.swift in Sources */ = {isa = PBXBuildFile; fileRef = E0E1E2E3E4E5E6E7E8E9E011 /* InflamendUITests.swift */; };
		A7B8C9D0E1F2A3B4C5D6E7F8 /* Assets.xcassets in Resources */ = {isa = PBXBuildFile; fileRef = B5C6D7E8F9A0B1C2D3E4F5A6 /* Assets.xcassets */; };
		B7C8D9E0F1A2A3B4C5D6E7F8 /* Preview Assets.xcassets in Resources */ = {isa = PBXBuildFile; fileRef = C5D6E7F8A9B0C1D2E3F4A5B6 /* Preview Assets.xcassets */; };
		C0D1E2F3A4B5C6D7E8F9A001 /* PrivacyInfo.xcprivacy in Resources */ = {isa = PBXBuildFile; fileRef = C0D1E2F3A4B5C6D7E8F9A002 /* PrivacyInfo.xcprivacy */; };
/* End PBXBuildFile section */

/* Begin PBXContainerItemProxy section */
		D0D1D2D3D4D5D6D7D8D9D050 /* PBXContainerItemProxy */ = {
			isa = PBXContainerItemProxy;
			containerPortal = B1A2C3D4E5F6A7B8C9D0E1F2 /* Project object */;
			proxyType = 1;
			remoteGlobalIDString = F1A2B3C4D5E6F7A8B9C0D1E2;
			remoteInfo = Inflamend;
		};
		E0E1E2E3E4E5E6E7E8E9E050 /* PBXContainerItemProxy */ = {
			isa = PBXContainerItemProxy;
			containerPortal = B1A2C3D4E5F6A7B8C9D0E1F2 /* Project object */;
			proxyType = 1;
			remoteGlobalIDString = F1A2B3C4D5E6F7A8B9C0D1E2;
			remoteInfo = Inflamend;
		};
/* End PBXContainerItemProxy section */

/* Begin PBXFileReference section */
		A2B3C4D5E6F7A8B9C0D1E2F3 /* Inflamend.app */ = {isa = PBXFileReference; explicitFileType = wrapper.application; includeInIndex = 0; path = Inflamend.app; sourceTree = BUILT_PRODUCTS_DIR; };
		E3F4A5B6C7D8E9F0A1B2C3D4 /* InflamendApp.swift */ = {isa = PBXFileReference; lastKnownFileType = sourcecode.swift; path = InflamendApp.swift; sourceTree = "<group>"; };
		F3A4B5C6D7E8F9A0B1C2D3E4 /* ContentView.swift */ = {isa = PBXFileReference; lastKnownFileType = sourcecode.swift; path = ContentView.swift; sourceTree = "<group>"; };
		A4B5C6D7E8F9A0B1C2D3E4F5 /* DesignSystem.swift */ = {isa = PBXFileReference; lastKnownFileType = sourcecode.swift; path = DesignSystem.swift; sourceTree = "<group>"; };
		A5B6C7D8E9F0A1B2C3D4E5F6 /* Models.swift */ = {isa = PBXFileReference; lastKnownFileType = sourcecode.swift; path = Models.swift; sourceTree = "<group>"; };
		B4C5D6E7F8A9B0C1D2E3F4A5 /* HomeView.swift */ = {isa = PBXFileReference; lastKnownFileType = sourcecode.swift; path = HomeView.swift; sourceTree = "<group>"; };
		C4D5E6F7A8B9C0D1E2F3A4B5 /* LogView.swift */ = {isa = PBXFileReference; lastKnownFileType = sourcecode.swift; path = LogView.swift; sourceTree = "<group>"; };
		D4E5F6A7B8C9D0E1F2A3B4C5 /* InsightsView.swift */ = {isa = PBXFileReference; lastKnownFileType = sourcecode.swift; path = InsightsView.swift; sourceTree = "<group>"; };
		E4F5A6B7C8D9E0F1A2B3C4D5 /* ChatView.swift */ = {isa = PBXFileReference; lastKnownFileType = sourcecode.swift; path = ChatView.swift; sourceTree = "<group>"; };
		F4A5B6C7D8E9F0A1B2C3D4E5 /* ProfileView.swift */ = {isa = PBXFileReference; lastKnownFileType = sourcecode.swift; path = ProfileView.swift; sourceTree = "<group>"; };
		D0D1D2D3D4D5D6D7D8D9D011 /* HealthLogic.swift */ = {isa = PBXFileReference; lastKnownFileType = sourcecode.swift; path = HealthLogic.swift; sourceTree = "<group>"; };
		D0D1D2D3D4D5D6D7D8D9D012 /* HealthLogicTests.swift */ = {isa = PBXFileReference; lastKnownFileType = sourcecode.swift; path = HealthLogicTests.swift; sourceTree = "<group>"; };
		D0D1D2D3D4D5D6D7D8D9D013 /* InflamendTests.xctest */ = {isa = PBXFileReference; explicitFileType = wrapper.cfbundle; includeInIndex = 0; path = InflamendTests.xctest; sourceTree = BUILT_PRODUCTS_DIR; };
		E0E1E2E3E4E5E6E7E8E9E011 /* InflamendUITests.swift */ = {isa = PBXFileReference; lastKnownFileType = sourcecode.swift; path = InflamendUITests.swift; sourceTree = "<group>"; };
		E0E1E2E3E4E5E6E7E8E9E012 /* InflamendUITests.xctest */ = {isa = PBXFileReference; explicitFileType = wrapper.cfbundle; includeInIndex = 0; path = InflamendUITests.xctest; sourceTree = BUILT_PRODUCTS_DIR; };
		B5C6D7E8F9A0B1C2D3E4F5A6 /* Assets.xcassets */ = {isa = PBXFileReference; lastKnownFileType = folder.assetcatalog; path = Assets.xcassets; sourceTree = "<group>"; };
		C5D6E7F8A9B0C1D2E3F4A5B6 /* Preview Assets.xcassets */ = {isa = PBXFileReference; lastKnownFileType = folder.assetcatalog; path = "Preview Assets.xcassets"; sourceTree = "<group>"; name = "Preview Assets.xcassets"; };
		C0D1E2F3A4B5C6D7E8F9A002 /* PrivacyInfo.xcprivacy */ = {isa = PBXFileReference; lastKnownFileType = text.xml; path = PrivacyInfo.xcprivacy; sourceTree = "<group>"; };
/* End PBXFileReference section */

/* Begin PBXFrameworksBuildPhase section */
		D3E4F5A6B7C8D9E0F1A2B3C4 /* Frameworks */ = {
			isa = PBXFrameworksBuildPhase;
			buildActionMask = 2147483647;
			files = (
			);
			runOnlyForDeploymentPostprocessing = 0;
		};
		D0D1D2D3D4D5D6D7D8D9D032 /* Frameworks */ = {
			isa = PBXFrameworksBuildPhase;
			buildActionMask = 2147483647;
			files = (
			);
			runOnlyForDeploymentPostprocessing = 0;
		};
		E0E1E2E3E4E5E6E7E8E9E032 /* Frameworks */ = {
			isa = PBXFrameworksBuildPhase;
			buildActionMask = 2147483647;
			files = (
			);
			runOnlyForDeploymentPostprocessing = 0;
		};
/* End PBXFrameworksBuildPhase section */

/* Begin PBXGroup section */
		A1B2C3D4E5F6A7B8C9D0E1F2 = {
			isa = PBXGroup;
			children = (
				D1E2F3A4B5C6D7E8F9A0B1C2 /* Inflamend */,
				D0D1D2D3D4D5D6D7D8D9D021 /* InflamendTests */,
				E0E1E2E3E4E5E6E7E8E9E021 /* InflamendUITests */,
				C1D2E3F4A5B6C7D8E9F0A1B2 /* Products */,
			);
			sourceTree = "<group>";
		};
		C1D2E3F4A5B6C7D8E9F0A1B2 /* Products */ = {
			isa = PBXGroup;
			children = (
				A2B3C4D5E6F7A8B9C0D1E2F3 /* Inflamend.app */,
				D0D1D2D3D4D5D6D7D8D9D013 /* InflamendTests.xctest */,
				E0E1E2E3E4E5E6E7E8E9E012 /* InflamendUITests.xctest */,
			);
			name = Products;
			sourceTree = "<group>";
		};
		D1E2F3A4B5C6D7E8F9A0B1C2 /* Inflamend */ = {
			isa = PBXGroup;
			children = (
				E3F4A5B6C7D8E9F0A1B2C3D4 /* InflamendApp.swift */,
				F3A4B5C6D7E8F9A0B1C2D3E4 /* ContentView.swift */,
				A4B5C6D7E8F9A0B1C2D3E4F5 /* DesignSystem.swift */,
				A5B6C7D8E9F0A1B2C3D4E5F6 /* Models.swift */,
				D0D1D2D3D4D5D6D7D8D9D020 /* Core */,
				E1F2A3B4C5D6E7F8A9B0C1D2 /* Views */,
				B5C6D7E8F9A0B1C2D3E4F5A6 /* Assets.xcassets */,
				C0D1E2F3A4B5C6D7E8F9A002 /* PrivacyInfo.xcprivacy */,
				C5D6E7F8A9B0C1D2E3F4A5B6 /* Preview Assets.xcassets */,
			);
			path = Inflamend;
			sourceTree = "<group>";
		};
		E1F2A3B4C5D6E7F8A9B0C1D2 /* Views */ = {
			isa = PBXGroup;
			children = (
				B4C5D6E7F8A9B0C1D2E3F4A5 /* HomeView.swift */,
				C4D5E6F7A8B9C0D1E2F3A4B5 /* LogView.swift */,
				D4E5F6A7B8C9D0E1F2A3B4C5 /* InsightsView.swift */,
				E4F5A6B7C8D9E0F1A2B3C4D5 /* ChatView.swift */,
				F4A5B6C7D8E9F0A1B2C3D4E5 /* ProfileView.swift */,
			);
			path = Views;
			sourceTree = "<group>";
		};
		D0D1D2D3D4D5D6D7D8D9D020 /* Core */ = {
			isa = PBXGroup;
			children = (
				D0D1D2D3D4D5D6D7D8D9D011 /* HealthLogic.swift */,
			);
			path = Core;
			sourceTree = "<group>";
		};
		D0D1D2D3D4D5D6D7D8D9D021 /* InflamendTests */ = {
			isa = PBXGroup;
			children = (
				D0D1D2D3D4D5D6D7D8D9D012 /* HealthLogicTests.swift */,
			);
			path = InflamendTests;
			sourceTree = "<group>";
		};
		E0E1E2E3E4E5E6E7E8E9E021 /* InflamendUITests */ = {
			isa = PBXGroup;
			children = (
				E0E1E2E3E4E5E6E7E8E9E011 /* InflamendUITests.swift */,
			);
			path = InflamendUITests;
			sourceTree = "<group>";
		};
/* End PBXGroup section */

/* Begin PBXNativeTarget section */
		F1A2B3C4D5E6F7A8B9C0D1E2 /* Inflamend */ = {
			isa = PBXNativeTarget;
			buildConfigurationList = E2F3A4B5C6D7E8F9A0B1C2D3 /* Build configuration list for PBXNativeTarget "Inflamend" */;
			buildPhases = (
				B3C4D5E6F7A8B9C0D1E2F3A4 /* Sources */,
				D3E4F5A6B7C8D9E0F1A2B3C4 /* Frameworks */,
				C3D4E5F6A7B8C9D0E1F2A3B4 /* Resources */,
			);
			buildRules = (
			);
			dependencies = (
			);
			name = Inflamend;
			productName = Inflamend;
			productReference = A2B3C4D5E6F7A8B9C0D1E2F3 /* Inflamend.app */;
			productType = "com.apple.product-type.application";
		};
		D0D1D2D3D4D5D6D7D8D9D030 /* InflamendTests */ = {
			isa = PBXNativeTarget;
			buildConfigurationList = D0D1D2D3D4D5D6D7D8D9D042 /* Build configuration list for PBXNativeTarget "InflamendTests" */;
			buildPhases = (
				D0D1D2D3D4D5D6D7D8D9D031 /* Sources */,
				D0D1D2D3D4D5D6D7D8D9D032 /* Frameworks */,
				D0D1D2D3D4D5D6D7D8D9D033 /* Resources */,
			);
			buildRules = (
			);
			dependencies = (
				D0D1D2D3D4D5D6D7D8D9D051 /* PBXTargetDependency */,
			);
			name = InflamendTests;
			productName = InflamendTests;
			productReference = D0D1D2D3D4D5D6D7D8D9D013 /* InflamendTests.xctest */;
			productType = "com.apple.product-type.bundle.unit-test";
		};
		E0E1E2E3E4E5E6E7E8E9E030 /* InflamendUITests */ = {
			isa = PBXNativeTarget;
			buildConfigurationList = E0E1E2E3E4E5E6E7E8E9E042 /* Build configuration list for PBXNativeTarget "InflamendUITests" */;
			buildPhases = (
				E0E1E2E3E4E5E6E7E8E9E031 /* Sources */,
				E0E1E2E3E4E5E6E7E8E9E032 /* Frameworks */,
				E0E1E2E3E4E5E6E7E8E9E033 /* Resources */,
			);
			buildRules = (
			);
			dependencies = (
				E0E1E2E3E4E5E6E7E8E9E051 /* PBXTargetDependency */,
			);
			name = InflamendUITests;
			productName = InflamendUITests;
			productReference = E0E1E2E3E4E5E6E7E8E9E012 /* InflamendUITests.xctest */;
			productType = "com.apple.product-type.bundle.ui-testing";
		};
/* End PBXNativeTarget section */

/* Begin PBXProject section */
		B1A2C3D4E5F6A7B8C9D0E1F2 /* Project object */ = {
			isa = PBXProject;
			attributes = {
				BuildIndependentTargetsInParallel = 1;
				LastSwiftUpdateCheck = 1640;
				LastUpgradeCheck = 1640;
				TargetAttributes = {
					F1A2B3C4D5E6F7A8B9C0D1E2 = {
						CreatedOnToolsVersion = 16.4;
					};
					E0E1E2E3E4E5E6E7E8E9E030 = {
						CreatedOnToolsVersion = 16.4;
						TestTargetID = F1A2B3C4D5E6F7A8B9C0D1E2;
					};
				};
			};
			buildConfigurationList = D2E3F4A5B6C7D8E9F0A1B2C3 /* Build configuration list for PBXProject "Inflamend" */;
			compatibilityVersion = "Xcode 14.0";
			developmentRegion = en;
			hasScannedForEncodings = 0;
			knownRegions = (
				en,
				Base,
			);
			mainGroup = A1B2C3D4E5F6A7B8C9D0E1F2;
			productRefGroup = C1D2E3F4A5B6C7D8E9F0A1B2 /* Products */;
			projectDirPath = "";
			projectRoot = "";
			targets = (
				F1A2B3C4D5E6F7A8B9C0D1E2 /* Inflamend */,
				D0D1D2D3D4D5D6D7D8D9D030 /* InflamendTests */,
				E0E1E2E3E4E5E6E7E8E9E030 /* InflamendUITests */,
			);
		};
/* End PBXProject section */

/* Begin PBXResourcesBuildPhase section */
		C3D4E5F6A7B8C9D0E1F2A3B4 /* Resources */ = {
			isa = PBXResourcesBuildPhase;
			buildActionMask = 2147483647;
			files = (
				B7C8D9E0F1A2A3B4C5D6E7F8 /* Preview Assets.xcassets in Resources */,
				A7B8C9D0E1F2A3B4C5D6E7F8 /* Assets.xcassets in Resources */,
				C0D1E2F3A4B5C6D7E8F9A001 /* PrivacyInfo.xcprivacy in Resources */,
			);
			runOnlyForDeploymentPostprocessing = 0;
		};
		D0D1D2D3D4D5D6D7D8D9D033 /* Resources */ = {
			isa = PBXResourcesBuildPhase;
			buildActionMask = 2147483647;
			files = (
			);
			runOnlyForDeploymentPostprocessing = 0;
		};
		E0E1E2E3E4E5E6E7E8E9E033 /* Resources */ = {
			isa = PBXResourcesBuildPhase;
			buildActionMask = 2147483647;
			files = (
			);
			runOnlyForDeploymentPostprocessing = 0;
		};
/* End PBXResourcesBuildPhase section */

/* Begin PBXSourcesBuildPhase section */
		B3C4D5E6F7A8B9C0D1E2F3A4 /* Sources */ = {
			isa = PBXSourcesBuildPhase;
			buildActionMask = 2147483647;
			files = (
				D5E6F7A8B9C0D1E2F3A4B5C6 /* InflamendApp.swift in Sources */,
				E5F6A7B8C9D0E1F2A3B4C5D6 /* ContentView.swift in Sources */,
				F5A6B7C8D9E0F1A2B3C4D5E6 /* DesignSystem.swift in Sources */,
				F6A7B8C9D0E1F2A3B4C5D6E7 /* Models.swift in Sources */,
				D0D1D2D3D4D5D6D7D8D9D001 /* HealthLogic.swift in Sources */,
				A6B7C8D9E0F1A2B3C4D5E6F7 /* HomeView.swift in Sources */,
				B6C7D8E9F0A1B2C3D4E5F6A7 /* LogView.swift in Sources */,
				C6D7E8F9A0B1C2D3E4F5A6B7 /* InsightsView.swift in Sources */,
				D6E7F8A9B0C1D2E3F4A5B6C7 /* ChatView.swift in Sources */,
				E6F7A8B9C0D1E2F3A4B5C6D7 /* ProfileView.swift in Sources */,
			);
			runOnlyForDeploymentPostprocessing = 0;
		};
		D0D1D2D3D4D5D6D7D8D9D031 /* Sources */ = {
			isa = PBXSourcesBuildPhase;
			buildActionMask = 2147483647;
			files = (
				D0D1D2D3D4D5D6D7D8D9D002 /* HealthLogicTests.swift in Sources */,
			);
			runOnlyForDeploymentPostprocessing = 0;
		};
		E0E1E2E3E4E5E6E7E8E9E031 /* Sources */ = {
			isa = PBXSourcesBuildPhase;
			buildActionMask = 2147483647;
			files = (
				E0E1E2E3E4E5E6E7E8E9E001 /* InflamendUITests.swift in Sources */,
			);
			runOnlyForDeploymentPostprocessing = 0;
		};
/* End PBXSourcesBuildPhase section */

/* Begin PBXTargetDependency section */
		D0D1D2D3D4D5D6D7D8D9D051 /* PBXTargetDependency */ = {
			isa = PBXTargetDependency;
			target = F1A2B3C4D5E6F7A8B9C0D1E2 /* Inflamend */;
			targetProxy = D0D1D2D3D4D5D6D7D8D9D050 /* PBXContainerItemProxy */;
		};
		E0E1E2E3E4E5E6E7E8E9E051 /* PBXTargetDependency */ = {
			isa = PBXTargetDependency;
			target = F1A2B3C4D5E6F7A8B9C0D1E2 /* Inflamend */;
			targetProxy = E0E1E2E3E4E5E6E7E8E9E050 /* PBXContainerItemProxy */;
		};
/* End PBXTargetDependency section */

/* Begin XCBuildConfiguration section */
		B2C3D4E5F6A7B8C9D0E1F2A3 /* Debug */ = {
			isa = XCBuildConfiguration;
			buildSettings = {
				ALWAYS_SEARCH_USER_PATHS = NO;
				ASSET_CATALOG_COMPILER_OPTIMIZATION = space;
				CLANG_ANALYZER_NONNULL = YES;
				CLANG_ANALYZER_NUMBER_OBJECT_CONVERSION = YES_AGGRESSIVE;
				CLANG_CXX_LANGUAGE_STANDARD = "gnu++20";
				CLANG_ENABLE_MODULES = YES;
				CLANG_ENABLE_OBJC_ARC = YES;
				CLANG_ENABLE_OBJC_WEAK = YES;
				CLANG_WARN_BLOCK_CAPTURE_AUTORELEASING = YES;
				CLANG_WARN_BOOL_CONVERSION = YES;
				CLANG_WARN_COMMA = YES;
				CLANG_WARN_CONSTANT_CONVERSION = YES;
				CLANG_WARN_DEPRECATED_OBJC_IMPLEMENTATIONS = YES;
				CLANG_WARN_DIRECT_OBJC_ISA_USAGE = YES_ERROR;
				CLANG_WARN_DOCUMENTATION_COMMENTS = YES;
				CLANG_WARN_EMPTY_BODY = YES;
				CLANG_WARN_ENUM_CONVERSION = YES;
				CLANG_WARN_INFINITE_RECURSION = YES;
				CLANG_WARN_INT_CONVERSION = YES;
				CLANG_WARN_NON_LITERAL_NULL_CONVERSION = YES;
				CLANG_WARN_OBJC_IMPLICIT_RETAIN_SELF = YES;
				CLANG_WARN_OBJC_LITERAL_CONVERSION = YES;
				CLANG_WARN_OBJC_ROOT_CLASS = YES_ERROR;
				CLANG_WARN_QUOTED_INCLUDE_IN_FRAMEWORK_HEADER = YES;
				CLANG_WARN_RANGE_LOOP_ANALYSIS = YES;
				CLANG_WARN_STRICT_PROTOTYPES = YES;
				CLANG_WARN_SUSPICIOUS_MOVE = YES;
				CLANG_WARN_UNGUARDED_AVAILABILITY = YES_AGGRESSIVE;
				CLANG_WARN_UNREACHABLE_CODE = YES;
				CLANG_WARN__DUPLICATE_METHOD_NAMES = YES;
				COPY_PHASE_STRIP = NO;
				DEBUG_INFORMATION_FORMAT = dwarf;
				ENABLE_STRICT_OBJC_MSGSEND = YES;
				ENABLE_TESTABILITY = YES;
				GCC_C_LANGUAGE_STANDARD = gnu17;
				GCC_DYNAMIC_NO_PIC = NO;
				GCC_NO_COMMON_BLOCKS = YES;
				GCC_OPTIMIZATION_LEVEL = 0;
				GCC_PREPROCESSOR_DEFINITIONS = (
					"DEBUG=1",
					"$(inherited)",
				);
				GCC_WARN_64_TO_32_BIT_CONVERSION = YES;
				GCC_WARN_ABOUT_RETURN_TYPE = YES_ERROR;
				GCC_WARN_UNDECLARED_SELECTOR = YES;
				GCC_WARN_UNINITIALIZED_AUTOS = YES_AGGRESSIVE;
				GCC_WARN_UNUSED_FUNCTION = YES;
				GCC_WARN_UNUSED_VARIABLE = YES;
				MTL_ENABLE_DEBUG_INFO = INCLUDE_SOURCE;
				MTL_FAST_MATH = YES;
				ONLY_ACTIVE_ARCH = YES;
				SDKROOT = iphoneos;
				SUPPORTED_PLATFORMS = "iphoneos iphonesimulator";
				SWIFT_ACTIVE_COMPILATION_CONDITIONS = "DEBUG $(inherited)";
				SWIFT_OPTIMIZATION_LEVEL = "-Onone";
			};
			name = Debug;
		};
		C2D3E4F5A6B7C8D9E0F1A2B3 /* Release */ = {
			isa = XCBuildConfiguration;
			buildSettings = {
				ALWAYS_SEARCH_USER_PATHS = NO;
				ASSET_CATALOG_COMPILER_OPTIMIZATION = space;
				CLANG_ANALYZER_NONNULL = YES;
				CLANG_ANALYZER_NUMBER_OBJECT_CONVERSION = YES_AGGRESSIVE;
				CLANG_CXX_LANGUAGE_STANDARD = "gnu++20";
				CLANG_ENABLE_MODULES = YES;
				CLANG_ENABLE_OBJC_ARC = YES;
				CLANG_ENABLE_OBJC_WEAK = YES;
				GCC_C_LANGUAGE_STANDARD = gnu17;
				GCC_NO_COMMON_BLOCKS = YES;
				GCC_WARN_64_TO_32_BIT_CONVERSION = YES;
				GCC_WARN_ABOUT_RETURN_TYPE = YES_ERROR;
				GCC_WARN_UNDECLARED_SELECTOR = YES;
				GCC_WARN_UNINITIALIZED_AUTOS = YES_AGGRESSIVE;
				GCC_WARN_UNUSED_FUNCTION = YES;
				GCC_WARN_UNUSED_VARIABLE = YES;
				MTL_FAST_MATH = YES;
				SDKROOT = iphoneos;
				SUPPORTED_PLATFORMS = "iphoneos iphonesimulator";
				SWIFT_COMPILATION_MODE = wholemodule;
				VALIDATE_PRODUCT = YES;
			};
			name = Release;
		};
		F2A3B4C5D6E7F8A9B0C1D2E3 /* Debug */ = {
			isa = XCBuildConfiguration;
			buildSettings = {
				ASSETCATALOG_COMPILER_APPICON_NAME = AppIcon;
				ASSET_CATALOG_COMPILER_GLOBAL_ACCENT_COLOR_NAME = AccentColor;

				CODE_SIGN_STYLE = Automatic;
				CURRENT_PROJECT_VERSION = 1;
				DEVELOPMENT_ASSET_PATHS = "\"Inflamend/Preview Content\"";
				ENABLE_PREVIEWS = YES;
				GENERATE_INFOPLIST_FILE = YES;
				INFOPLIST_KEY_NSMicrophoneUsageDescription = "Inflamend uses the microphone only when you choose to dictate a health log.";
				INFOPLIST_KEY_NSSpeechRecognitionUsageDescription = "Inflamend uses speech recognition only to turn your dictated log into editable text before saving.";
				INFOPLIST_KEY_UIApplicationSceneManifest_Generation = YES;
				INFOPLIST_KEY_UIApplicationSupportsIndirectInputEvents = YES;
				INFOPLIST_KEY_UILaunchScreen_Generation = YES;
				INFOPLIST_KEY_UISupportedInterfaceOrientations_iPhone = UIInterfaceOrientationPortrait;
				IPHONEOS_DEPLOYMENT_TARGET = 26.0;
				MARKETING_VERSION = 1.0;
				PRODUCT_BUNDLE_IDENTIFIER = com.inflamend.app;
				PRODUCT_NAME = "$(TARGET_NAME)";
				SUPPORTED_PLATFORMS = "iphoneos iphonesimulator";
				SWIFT_EMIT_LOC_STRINGS = YES;
				SWIFT_VERSION = 6.0;
				TARGETED_DEVICE_FAMILY = 1;
			};
			name = Debug;
		};
		A3B4C5D6E7F8A9B0C1D2E3F4 /* Release */ = {
			isa = XCBuildConfiguration;
			buildSettings = {
				ASSETCATALOG_COMPILER_APPICON_NAME = AppIcon;
				ASSET_CATALOG_COMPILER_GLOBAL_ACCENT_COLOR_NAME = AccentColor;
				CODE_SIGN_STYLE = Automatic;
				CURRENT_PROJECT_VERSION = 1;
				DEVELOPMENT_ASSET_PATHS = "\"Inflamend/Preview Content\"";
				ENABLE_PREVIEWS = YES;
				GENERATE_INFOPLIST_FILE = YES;
				INFOPLIST_KEY_NSMicrophoneUsageDescription = "Inflamend uses the microphone only when you choose to dictate a health log.";
				INFOPLIST_KEY_NSSpeechRecognitionUsageDescription = "Inflamend uses speech recognition only to turn your dictated log into editable text before saving.";
				INFOPLIST_KEY_UIApplicationSceneManifest_Generation = YES;
				INFOPLIST_KEY_UIApplicationSupportsIndirectInputEvents = YES;
				INFOPLIST_KEY_UILaunchScreen_Generation = YES;
				INFOPLIST_KEY_UISupportedInterfaceOrientations_iPhone = UIInterfaceOrientationPortrait;
				IPHONEOS_DEPLOYMENT_TARGET = 26.0;
				MARKETING_VERSION = 1.0;
				PRODUCT_BUNDLE_IDENTIFIER = com.inflamend.app;
				PRODUCT_NAME = "$(TARGET_NAME)";
				SUPPORTED_PLATFORMS = "iphoneos iphonesimulator";
				SWIFT_EMIT_LOC_STRINGS = YES;
				SWIFT_VERSION = 6.0;
				TARGETED_DEVICE_FAMILY = 1;
			};
			name = Release;
		};
		D0D1D2D3D4D5D6D7D8D9D040 /* Debug */ = {
			isa = XCBuildConfiguration;
			buildSettings = {
				BUNDLE_LOADER = "$(TEST_HOST)";
				CODE_SIGN_STYLE = Automatic;
				GENERATE_INFOPLIST_FILE = YES;
				IPHONEOS_DEPLOYMENT_TARGET = 26.0;
				PRODUCT_BUNDLE_IDENTIFIER = com.inflamend.app.tests;
				PRODUCT_NAME = "$(TARGET_NAME)";
				SDKROOT = iphoneos;
				SUPPORTED_PLATFORMS = "iphoneos iphonesimulator";
				SWIFT_VERSION = 6.0;
				TARGETED_DEVICE_FAMILY = 1;
				TEST_HOST = "$(BUILT_PRODUCTS_DIR)/Inflamend.app/$(BUNDLE_EXECUTABLE_FOLDER_PATH)/Inflamend";
			};
			name = Debug;
		};
		D0D1D2D3D4D5D6D7D8D9D041 /* Release */ = {
			isa = XCBuildConfiguration;
			buildSettings = {
				BUNDLE_LOADER = "$(TEST_HOST)";
				CODE_SIGN_STYLE = Automatic;
				GENERATE_INFOPLIST_FILE = YES;
				IPHONEOS_DEPLOYMENT_TARGET = 26.0;
				PRODUCT_BUNDLE_IDENTIFIER = com.inflamend.app.tests;
				PRODUCT_NAME = "$(TARGET_NAME)";
				SDKROOT = iphoneos;
				SUPPORTED_PLATFORMS = "iphoneos iphonesimulator";
				SWIFT_VERSION = 6.0;
				TARGETED_DEVICE_FAMILY = 1;
				TEST_HOST = "$(BUILT_PRODUCTS_DIR)/Inflamend.app/$(BUNDLE_EXECUTABLE_FOLDER_PATH)/Inflamend";
			};
			name = Release;
		};
		E0E1E2E3E4E5E6E7E8E9E040 /* Debug */ = {
			isa = XCBuildConfiguration;
			buildSettings = {
				CODE_SIGN_STYLE = Automatic;
				GENERATE_INFOPLIST_FILE = YES;
				IPHONEOS_DEPLOYMENT_TARGET = 26.0;
				PRODUCT_BUNDLE_IDENTIFIER = com.inflamend.app.uitests;
				PRODUCT_NAME = "$(TARGET_NAME)";
				SDKROOT = iphoneos;
				SUPPORTED_PLATFORMS = "iphoneos iphonesimulator";
				SWIFT_VERSION = 6.0;
				TARGETED_DEVICE_FAMILY = 1;
				TEST_TARGET_NAME = Inflamend;
			};
			name = Debug;
		};
		E0E1E2E3E4E5E6E7E8E9E041 /* Release */ = {
			isa = XCBuildConfiguration;
			buildSettings = {
				CODE_SIGN_STYLE = Automatic;
				GENERATE_INFOPLIST_FILE = YES;
				IPHONEOS_DEPLOYMENT_TARGET = 26.0;
				PRODUCT_BUNDLE_IDENTIFIER = com.inflamend.app.uitests;
				PRODUCT_NAME = "$(TARGET_NAME)";
				SDKROOT = iphoneos;
				SUPPORTED_PLATFORMS = "iphoneos iphonesimulator";
				SWIFT_VERSION = 6.0;
				TARGETED_DEVICE_FAMILY = 1;
				TEST_TARGET_NAME = Inflamend;
			};
			name = Release;
		};
/* End XCBuildConfiguration section */

/* Begin XCConfigurationList section */
		D2E3F4A5B6C7D8E9F0A1B2C3 /* Build configuration list for PBXProject "Inflamend" */ = {
			isa = XCConfigurationList;
			buildConfigurations = (
				B2C3D4E5F6A7B8C9D0E1F2A3 /* Debug */,
				C2D3E4F5A6B7C8D9E0F1A2B3 /* Release */,
			);
			defaultConfigurationIsVisible = 0;
			defaultConfigurationName = Release;
		};
		E2F3A4B5C6D7E8F9A0B1C2D3 /* Build configuration list for PBXNativeTarget "Inflamend" */ = {
			isa = XCConfigurationList;
			buildConfigurations = (
				F2A3B4C5D6E7F8A9B0C1D2E3 /* Debug */,
				A3B4C5D6E7F8A9B0C1D2E3F4 /* Release */,
			);
			defaultConfigurationIsVisible = 0;
			defaultConfigurationName = Release;
		};
		D0D1D2D3D4D5D6D7D8D9D042 /* Build configuration list for PBXNativeTarget "InflamendTests" */ = {
			isa = XCConfigurationList;
			buildConfigurations = (
				D0D1D2D3D4D5D6D7D8D9D040 /* Debug */,
				D0D1D2D3D4D5D6D7D8D9D041 /* Release */,
			);
			defaultConfigurationIsVisible = 0;
			defaultConfigurationName = Release;
		};
		E0E1E2E3E4E5E6E7E8E9E042 /* Build configuration list for PBXNativeTarget "InflamendUITests" */ = {
			isa = XCConfigurationList;
			buildConfigurations = (
				E0E1E2E3E4E5E6E7E8E9E040 /* Debug */,
				E0E1E2E3E4E5E6E7E8E9E041 /* Release */,
			);
			defaultConfigurationIsVisible = 0;
			defaultConfigurationName = Release;
		};
/* End XCConfigurationList section */
	};
	rootObject = B1A2C3D4E5F6A7B8C9D0E1F2 /* Project object */;
}
